
Microsoft Visual Studio Solution File, Format Version 12.00
# Visual Studio Version 16
VisualStudioVersion = 16.0.810.17
MinimumVisualStudioVersion = 10.0.40219.1
Project("{FAE04EC0-301F-11D3-BF4B-00C04F79EFBC}") = "Film_Collection", "Film_Collection\Film_Collection.csproj", "{346953E1-34B0-4669-8B0A-C5C04DBC6EDA}"
EndProject
Global
	GlobalSection(SolutionConfigurationPlatforms) = preSolution
		Debug|Any CPU = Debug|Any CPU
		Release|Any CPU = Release|Any CPU
	EndGlobalSection
	GlobalSection(ProjectConfigurationPlatforms) = postSolution
		{346953E1-34B0-4669-8B0A-C5C04DBC6EDA}.Debug|Any CPU.ActiveCfg = Debug|Any CPU
		{346953E1-34B0-4669-8B0A-C5C04DBC6EDA}.Debug|Any CPU.Build.0 = Debug|Any CPU
		{346953E1-34B0-4669-8B0A-C5C04DBC6EDA}.Release|Any CPU.ActiveCfg = Release|Any CPU
		{346953E1-34B0-4669-8B0A-C5C04DBC6EDA}.Release|Any CPU.Build.0 = Release|Any CPU
	EndGlobalSection
	GlobalSection(SolutionProperties) = preSolution
		HideSolutionNode = FALSE
	EndGlobalSection
	GlobalSection(ExtensibilityGlobals) = postSolution
		SolutionGuid = {17F0E4A8-B36C-4E8C-92E0-29F2D38B172F}
	EndGlobalSection
EndGlobal
